
Microsoft Visual Studio Solution File, Format Version 12.00
# Visual Studio 14
VisualStudioVersion = 14.0.25420.1
MinimumVisualStudioVersion = 10.0.40219.1
Project("{8BC9CEB8-8B4A-11D0-8D11-00A0C91BC942}") = "testcpp", "testcpp\testcpp.vcxproj", "{99A17F41-7530-49D7-BC55-427384D84919}"
EndProject
Project("{8BC9CEB8-8B4A-11D0-8D11-00A0C91BC942}") = "teststr", "teststr\teststr.vcxproj", "{F04B496A-B4A8-4B92-B8EC-08F74DE5CEE4}"
EndProject
Global
	GlobalSection(SolutionConfigurationPlatforms) = preSolution
		Debug|x64 = Debug|x64
		Debug|x86 = Debug|x86
		Release|x64 = Release|x64
		Release|x86 = Release|x86
	EndGlobalSection
	GlobalSection(ProjectConfigurationPlatforms) = postSolution
		{99A17F41-7530-49D7-BC55-427384D84919}.Debug|x64.ActiveCfg = Debug|x64
		{99A17F41-7530-49D7-BC55-427384D84919}.Debug|x64.Build.0 = Debug|x64
		{99A17F41-7530-49D7-BC55-427384D84919}.Debug|x86.ActiveCfg = Debug|Win32
		{99A17F41-7530-49D7-BC55-427384D84919}.Debug|x86.Build.0 = Debug|Win32
		{99A17F41-7530-49D7-BC55-427384D84919}.Release|x64.ActiveCfg = Release|x64
		{99A17F41-7530-49D7-BC55-427384D84919}.Release|x64.Build.0 = Release|x64
		{99A17F41-7530-49D7-BC55-427384D84919}.Release|x86.ActiveCfg = Release|Win32
		{99A17F41-7530-49D7-BC55-427384D84919}.Release|x86.Build.0 = Release|Win32
		{F04B496A-B4A8-4B92-B8EC-08F74DE5CEE4}.Debug|x64.ActiveCfg = Debug|x64
		{F04B496A-B4A8-4B92-B8EC-08F74DE5CEE4}.Debug|x64.Build.0 = Debug|x64
		{F04B496A-B4A8-4B92-B8EC-08F74DE5CEE4}.Debug|x86.ActiveCfg = Debug|Win32
		{F04B496A-B4A8-4B92-B8EC-08F74DE5CEE4}.Debug|x86.Build.0 = Debug|Win32
		{F04B496A-B4A8-4B92-B8EC-08F74DE5CEE4}.Release|x64.ActiveCfg = Release|x64
		{F04B496A-B4A8-4B92-B8EC-08F74DE5CEE4}.Release|x64.Build.0 = Release|x64
		{F04B496A-B4A8-4B92-B8EC-08F74DE5CEE4}.Release|x86.ActiveCfg = Release|Win32
		{F04B496A-B4A8-4B92-B8EC-08F74DE5CEE4}.Release|x86.Build.0 = Release|Win32
	EndGlobalSection
	GlobalSection(SolutionProperties) = preSolution
		HideSolutionNode = FALSE
	EndGlobalSection
EndGlobal
